
Microsoft Visual Studio Solution File, Format Version 12.00
# Visual Studio Version 17
VisualStudioVersion = 17.10.34928.147
MinimumVisualStudioVersion = 10.0.40219.1
Project("{FAE04EC0-301F-11D3-BF4B-00C04F79EFBC}") = "BlazorApp-DisplayColor", "BlazorApp-DisplayColor.csproj", "{30D6D425-11B7-42AC-9168-0D85E0485B7F}"
EndProject
Global
	GlobalSection(SolutionConfigurationPlatforms) = preSolution
		Debug|Any CPU = Debug|Any CPU
		Release|Any CPU = Release|Any CPU
	EndGlobalSection
	GlobalSection(ProjectConfigurationPlatforms) = postSolution
		{30D6D425-11B7-42AC-9168-0D85E0485B7F}.Debug|Any CPU.ActiveCfg = Debug|Any CPU
		{30D6D425-11B7-42AC-9168-0D85E0485B7F}.Debug|Any CPU.Build.0 = Debug|Any CPU
		{30D6D425-11B7-42AC-9168-0D85E0485B7F}.Release|Any CPU.ActiveCfg = Release|Any CPU
		{30D6D425-11B7-42AC-9168-0D85E0485B7F}.Release|Any CPU.Build.0 = Release|Any CPU
	EndGlobalSection
	GlobalSection(SolutionProperties) = preSolution
		HideSolutionNode = FALSE
	EndGlobalSection
	GlobalSection(ExtensibilityGlobals) = postSolution
		SolutionGuid = {54BA2714-ACA4-432F-B850-605F5BEBE50E}
	EndGlobalSection
EndGlobal
